<Solution>
  <Project Path="Coworking.Data/Coworking.Data.csproj" />
  <Project Path="Coworking.Domain/Coworking.Domain.csproj" />
  <Project Path="Coworking.Services/Coworking.Services.csproj" />
  <Project Path="Coworking.WinForms/Coworking.WinForms.csproj" />
  <Project Path="ReportGenerator/ReportGenerator.csproj" Id="fb3148a4-04e2-406e-ab7c-c111c407eedc" />
</Solution>
